
Microsoft Visual Studio Solution File, Format Version 12.00
# Visual Studio Version 16
VisualStudioVersion = 16.0.29324.140
MinimumVisualStudioVersion = 10.0.40219.1
Project("{FAE04EC0-301F-11D3-BF4B-00C04F79EFBC}") = "AirTicketAlert.App", "AirTicketAlert.App\AirTicketAlert.App.csproj", "{4F1B8EA8-C036-428A-9002-39E86FE50D3F}"
EndProject
Project("{9A19103F-16F7-4668-BE54-9A1E7A4F7556}") = "AirTicketAlert.Core", "AirTicketAlert.Core\AirTicketAlert.Core.csproj", "{4120667F-8A56-45DD-9C63-CFBCE5DA8DBA}"
EndProject
Project("{FAE04EC0-301F-11D3-BF4B-00C04F79EFBC}") = "AirTicketAlert.Background", "AirTicketAlert.Background\AirTicketAlert.Background.csproj", "{E3BBA370-2A69-435C-9796-34C62EF8C590}"
EndProject
Global
	GlobalSection(SolutionConfigurationPlatforms) = preSolution
		Debug|Any CPU = Debug|Any CPU
		Debug|ARM = Debug|ARM
		Debug|ARM64 = Debug|ARM64
		Debug|x64 = Debug|x64
		Debug|x86 = Debug|x86
		Release|Any CPU = Release|Any CPU
		Release|ARM = Release|ARM
		Release|ARM64 = Release|ARM64
		Release|x64 = Release|x64
		Release|x86 = Release|x86
	EndGlobalSection
	GlobalSection(ProjectConfigurationPlatforms) = postSolution
		{4F1B8EA8-C036-428A-9002-39E86FE50D3F}.Debug|Any CPU.ActiveCfg = Debug|x86
		{4F1B8EA8-C036-428A-9002-39E86FE50D3F}.Debug|ARM.ActiveCfg = Debug|ARM
		{4F1B8EA8-C036-428A-9002-39E86FE50D3F}.Debug|ARM.Build.0 = Debug|ARM
		{4F1B8EA8-C036-428A-9002-39E86FE50D3F}.Debug|ARM.Deploy.0 = Debug|ARM
		{4F1B8EA8-C036-428A-9002-39E86FE50D3F}.Debug|ARM64.ActiveCfg = Debug|ARM64
		{4F1B8EA8-C036-428A-9002-39E86FE50D3F}.Debug|ARM64.Build.0 = Debug|ARM64
		{4F1B8EA8-C036-428A-9002-39E86FE50D3F}.Debug|ARM64.Deploy.0 = Debug|ARM64
		{4F1B8EA8-C036-428A-9002-39E86FE50D3F}.Debug|x64.ActiveCfg = Debug|x64
		{4F1B8EA8-C036-428A-9002-39E86FE50D3F}.Debug|x64.Build.0 = Debug|x64
		{4F1B8EA8-C036-428A-9002-39E86FE50D3F}.Debug|x64.Deploy.0 = Debug|x64
		{4F1B8EA8-C036-428A-9002-39E86FE50D3F}.Debug|x86.ActiveCfg = Debug|x86
		{4F1B8EA8-C036-428A-9002-39E86FE50D3F}.Debug|x86.Build.0 = Debug|x86
		{4F1B8EA8-C036-428A-9002-39E86FE50D3F}.Debug|x86.Deploy.0 = Debug|x86
		{4F1B8EA8-C036-428A-9002-39E86FE50D3F}.Release|Any CPU.ActiveCfg = Release|x86
		{4F1B8EA8-C036-428A-9002-39E86FE50D3F}.Release|ARM.ActiveCfg = Release|ARM
		{4F1B8EA8-C036-428A-9002-39E86FE50D3F}.Release|ARM.Build.0 = Release|ARM
		{4F1B8EA8-C036-428A-9002-39E86FE50D3F}.Release|ARM.Deploy.0 = Release|ARM
		{4F1B8EA8-C036-428A-9002-39E86FE50D3F}.Release|ARM64.ActiveCfg = Release|ARM64
		{4F1B8EA8-C036-428A-9002-39E86FE50D3F}.Release|ARM64.Build.0 = Release|ARM64
		{4F1B8EA8-C036-428A-9002-39E86FE50D3F}.Release|ARM64.Deploy.0 = Release|ARM64
		{4F1B8EA8-C036-428A-9002-39E86FE50D3F}.Release|x64.ActiveCfg = Release|x64
		{4F1B8EA8-C036-428A-9002-39E86FE50D3F}.Release|x64.Build.0 = Release|x64
		{4F1B8EA8-C036-428A-9002-39E86FE50D3F}.Release|x64.Deploy.0 = Release|x64
		{4F1B8EA8-C036-428A-9002-39E86FE50D3F}.Release|x86.ActiveCfg = Release|x86
		{4F1B8EA8-C036-428A-9002-39E86FE50D3F}.Release|x86.Build.0 = Release|x86
		{4F1B8EA8-C036-428A-9002-39E86FE50D3F}.Release|x86.Deploy.0 = Release|x86
		{4120667F-8A56-45DD-9C63-CFBCE5DA8DBA}.Debug|Any CPU.ActiveCfg = Debug|Any CPU
		{4120667F-8A56-45DD-9C63-CFBCE5DA8DBA}.Debug|Any CPU.Build.0 = Debug|Any CPU
		{4120667F-8A56-45DD-9C63-CFBCE5DA8DBA}.Debug|ARM.ActiveCfg = Debug|Any CPU
		{4120667F-8A56-45DD-9C63-CFBCE5DA8DBA}.Debug|ARM.Build.0 = Debug|Any CPU
		{4120667F-8A56-45DD-9C63-CFBCE5DA8DBA}.Debug|ARM64.ActiveCfg = Debug|Any CPU
		{4120667F-8A56-45DD-9C63-CFBCE5DA8DBA}.Debug|ARM64.Build.0 = Debug|Any CPU
		{4120667F-8A56-45DD-9C63-CFBCE5DA8DBA}.Debug|x64.ActiveCfg = Debug|Any CPU
		{4120667F-8A56-45DD-9C63-CFBCE5DA8DBA}.Debug|x64.Build.0 = Debug|Any CPU
		{4120667F-8A56-45DD-9C63-CFBCE5DA8DBA}.Debug|x86.ActiveCfg = Debug|Any CPU
		{4120667F-8A56-45DD-9C63-CFBCE5DA8DBA}.Debug|x86.Build.0 = Debug|Any CPU
		{4120667F-8A56-45DD-9C63-CFBCE5DA8DBA}.Release|Any CPU.ActiveCfg = Release|Any CPU
		{4120667F-8A56-45DD-9C63-CFBCE5DA8DBA}.Release|Any CPU.Build.0 = Release|Any CPU
		{4120667F-8A56-45DD-9C63-CFBCE5DA8DBA}.Release|ARM.ActiveCfg = Release|Any CPU
		{4120667F-8A56-45DD-9C63-CFBCE5DA8DBA}.Release|ARM.Build.0 = Release|Any CPU
		{4120667F-8A56-45DD-9C63-CFBCE5DA8DBA}.Release|ARM64.ActiveCfg = Release|Any CPU
		{4120667F-8A56-45DD-9C63-CFBCE5DA8DBA}.Release|ARM64.Build.0 = Release|Any CPU
		{4120667F-8A56-45DD-9C63-CFBCE5DA8DBA}.Release|x64.ActiveCfg = Release|Any CPU
		{4120667F-8A56-45DD-9C63-CFBCE5DA8DBA}.Release|x64.Build.0 = Release|Any CPU
		{4120667F-8A56-45DD-9C63-CFBCE5DA8DBA}.Release|x86.ActiveCfg = Release|Any CPU
		{4120667F-8A56-45DD-9C63-CFBCE5DA8DBA}.Release|x86.Build.0 = Release|Any CPU
		{E3BBA370-2A69-435C-9796-34C62EF8C590}.Debug|Any CPU.ActiveCfg = Debug|Any CPU
		{E3BBA370-2A69-435C-9796-34C62EF8C590}.Debug|Any CPU.Build.0 = Debug|Any CPU
		{E3BBA370-2A69-435C-9796-34C62EF8C590}.Debug|ARM.ActiveCfg = Debug|ARM
		{E3BBA370-2A69-435C-9796-34C62EF8C590}.Debug|ARM.Build.0 = Debug|ARM
		{E3BBA370-2A69-435C-9796-34C62EF8C590}.Debug|ARM64.ActiveCfg = Debug|ARM64
		{E3BBA370-2A69-435C-9796-34C62EF8C590}.Debug|ARM64.Build.0 = Debug|ARM64
		{E3BBA370-2A69-435C-9796-34C62EF8C590}.Debug|x64.ActiveCfg = Debug|x64
		{E3BBA370-2A69-435C-9796-34C62EF8C590}.Debug|x64.Build.0 = Debug|x64
		{E3BBA370-2A69-435C-9796-34C62EF8C590}.Debug|x86.ActiveCfg = Debug|x86
		{E3BBA370-2A69-435C-9796-34C62EF8C590}.Debug|x86.Build.0 = Debug|x86
		{E3BBA370-2A69-435C-9796-34C62EF8C590}.Release|Any CPU.ActiveCfg = Release|Any CPU
		{E3BBA370-2A69-435C-9796-34C62EF8C590}.Release|Any CPU.Build.0 = Release|Any CPU
		{E3BBA370-2A69-435C-9796-34C62EF8C590}.Release|ARM.ActiveCfg = Release|ARM
		{E3BBA370-2A69-435C-9796-34C62EF8C590}.Release|ARM.Build.0 = Release|ARM
		{E3BBA370-2A69-435C-9796-34C62EF8C590}.Release|ARM64.ActiveCfg = Release|ARM64
		{E3BBA370-2A69-435C-9796-34C62EF8C590}.Release|ARM64.Build.0 = Release|ARM64
		{E3BBA370-2A69-435C-9796-34C62EF8C590}.Release|x64.ActiveCfg = Release|x64
		{E3BBA370-2A69-435C-9796-34C62EF8C590}.Release|x64.Build.0 = Release|x64
		{E3BBA370-2A69-435C-9796-34C62EF8C590}.Release|x86.ActiveCfg = Release|x86
		{E3BBA370-2A69-435C-9796-34C62EF8C590}.Release|x86.Build.0 = Release|x86
	EndGlobalSection
	GlobalSection(SolutionProperties) = preSolution
		HideSolutionNode = FALSE
	EndGlobalSection
	GlobalSection(ExtensibilityGlobals) = postSolution
		SolutionGuid = {B50AE8F6-F278-4A6B-BA3F-549B7E46D5C7}
	EndGlobalSection
EndGlobal
